
Microsoft Visual Studio Solution File, Format Version 12.00
# Visual Studio Version 16
VisualStudioVersion = 16.0.29613.14
MinimumVisualStudioVersion = 10.0.40219.1
Project("{9A19103F-16F7-4668-BE54-9A1E7A4F7556}") = "Authorize", "Authorize.csproj", "{E262FB65-25F3-4D2F-83A8-6F56AA0D94A4}"
EndProject
Global
	GlobalSection(SolutionConfigurationPlatforms) = preSolution
		Debug|Any CPU = Debug|Any CPU
		Release|Any CPU = Release|Any CPU
	EndGlobalSection
	GlobalSection(ProjectConfigurationPlatforms) = postSolution
		{E262FB65-25F3-4D2F-83A8-6F56AA0D94A4}.Debug|Any CPU.ActiveCfg = Debug|Any CPU
		{E262FB65-25F3-4D2F-83A8-6F56AA0D94A4}.Debug|Any CPU.Build.0 = Debug|Any CPU
		{E262FB65-25F3-4D2F-83A8-6F56AA0D94A4}.Release|Any CPU.ActiveCfg = Release|Any CPU
		{E262FB65-25F3-4D2F-83A8-6F56AA0D94A4}.Release|Any CPU.Build.0 = Release|Any CPU
	EndGlobalSection
	GlobalSection(SolutionProperties) = preSolution
		HideSolutionNode = FALSE
	EndGlobalSection
	GlobalSection(ExtensibilityGlobals) = postSolution
		SolutionGuid = {0707758F-AC6A-4E8E-BA33-ECEA3386579D}
	EndGlobalSection
EndGlobal
